
Microsoft Visual Studio Solution File, Format Version 12.00
# Visual Studio Version 16
VisualStudioVersion = 16.0.29609.76
MinimumVisualStudioVersion = 10.0.40219.1
Project("{FAE04EC0-301F-11D3-BF4B-00C04F79EFBC}") = "web-app-service", "web-app-service\web-app-service.csproj", "{FD01E60C-BDC8-4CF7-9AAA-C309F67D130A}"
EndProject
Global
	GlobalSection(SolutionConfigurationPlatforms) = preSolution
		Debug|Any CPU = Debug|Any CPU
		Release|Any CPU = Release|Any CPU
	EndGlobalSection
	GlobalSection(ProjectConfigurationPlatforms) = postSolution
		{FD01E60C-BDC8-4CF7-9AAA-C309F67D130A}.Debug|Any CPU.ActiveCfg = Debug|Any CPU
		{FD01E60C-BDC8-4CF7-9AAA-C309F67D130A}.Debug|Any CPU.Build.0 = Debug|Any CPU
		{FD01E60C-BDC8-4CF7-9AAA-C309F67D130A}.Release|Any CPU.ActiveCfg = Release|Any CPU
		{FD01E60C-BDC8-4CF7-9AAA-C309F67D130A}.Release|Any CPU.Build.0 = Release|Any CPU
	EndGlobalSection
	GlobalSection(SolutionProperties) = preSolution
		HideSolutionNode = FALSE
	EndGlobalSection
	GlobalSection(ExtensibilityGlobals) = postSolution
		SolutionGuid = {992DBEA2-FB23-4D3F-B29C-FF2CEF355EFB}
	EndGlobalSection
EndGlobal
